
Microsoft Visual Studio Solution File, Format Version 12.00
# Visual Studio Version 17
VisualStudioVersion = 17.0.31903.59
MinimumVisualStudioVersion = 10.0.40219.1
Project("{9A19103F-16F7-4668-BE54-9A1E7A4F7556}") = "WebApi", "WebApi\WebApi.csproj", "{9F244427-060D-4FCB-87D1-48BAF4FAF348}"
EndProject
Project("{9A19103F-16F7-4668-BE54-9A1E7A4F7556}") = "Entities", "Entities\Entities.csproj", "{5CA6B9D9-332F-487E-B75C-6F36BD7D3162}"
EndProject
Project("{9A19103F-16F7-4668-BE54-9A1E7A4F7556}") = "Repositories", "Repositories\Repositories.csproj", "{5C368744-7952-420A-ACAD-6BA2ECF8AEDA}"
EndProject
Project("{9A19103F-16F7-4668-BE54-9A1E7A4F7556}") = "Services", "Services\Services.csproj", "{1B5AFBF9-BF62-4382-B147-9E7035475615}"
EndProject
Project("{FAE04EC0-301F-11D3-BF4B-00C04F79EFBC}") = "Presentation", "Presentation\Presentation.csproj", "{B2F7F5A0-BAA6-40C2-8DBE-53FA7D3F469C}"
EndProject
Global
	GlobalSection(SolutionConfigurationPlatforms) = preSolution
		Debug|Any CPU = Debug|Any CPU
		Release|Any CPU = Release|Any CPU
	EndGlobalSection
	GlobalSection(ProjectConfigurationPlatforms) = postSolution
		{9F244427-060D-4FCB-87D1-48BAF4FAF348}.Debug|Any CPU.ActiveCfg = Debug|Any CPU
		{9F244427-060D-4FCB-87D1-48BAF4FAF348}.Debug|Any CPU.Build.0 = Debug|Any CPU
		{9F244427-060D-4FCB-87D1-48BAF4FAF348}.Release|Any CPU.ActiveCfg = Release|Any CPU
		{9F244427-060D-4FCB-87D1-48BAF4FAF348}.Release|Any CPU.Build.0 = Release|Any CPU
		{5CA6B9D9-332F-487E-B75C-6F36BD7D3162}.Debug|Any CPU.ActiveCfg = Debug|Any CPU
		{5CA6B9D9-332F-487E-B75C-6F36BD7D3162}.Debug|Any CPU.Build.0 = Debug|Any CPU
		{5CA6B9D9-332F-487E-B75C-6F36BD7D3162}.Release|Any CPU.ActiveCfg = Release|Any CPU
		{5CA6B9D9-332F-487E-B75C-6F36BD7D3162}.Release|Any CPU.Build.0 = Release|Any CPU
		{5C368744-7952-420A-ACAD-6BA2ECF8AEDA}.Debug|Any CPU.ActiveCfg = Debug|Any CPU
		{5C368744-7952-420A-ACAD-6BA2ECF8AEDA}.Debug|Any CPU.Build.0 = Debug|Any CPU
		{5C368744-7952-420A-ACAD-6BA2ECF8AEDA}.Release|Any CPU.ActiveCfg = Release|Any CPU
		{5C368744-7952-420A-ACAD-6BA2ECF8AEDA}.Release|Any CPU.Build.0 = Release|Any CPU
		{1B5AFBF9-BF62-4382-B147-9E7035475615}.Debug|Any CPU.ActiveCfg = Debug|Any CPU
		{1B5AFBF9-BF62-4382-B147-9E7035475615}.Debug|Any CPU.Build.0 = Debug|Any CPU
		{1B5AFBF9-BF62-4382-B147-9E7035475615}.Release|Any CPU.ActiveCfg = Release|Any CPU
		{1B5AFBF9-BF62-4382-B147-9E7035475615}.Release|Any CPU.Build.0 = Release|Any CPU
		{B2F7F5A0-BAA6-40C2-8DBE-53FA7D3F469C}.Debug|Any CPU.ActiveCfg = Debug|Any CPU
		{B2F7F5A0-BAA6-40C2-8DBE-53FA7D3F469C}.Debug|Any CPU.Build.0 = Debug|Any CPU
		{B2F7F5A0-BAA6-40C2-8DBE-53FA7D3F469C}.Release|Any CPU.ActiveCfg = Release|Any CPU
		{B2F7F5A0-BAA6-40C2-8DBE-53FA7D3F469C}.Release|Any CPU.Build.0 = Release|Any CPU
	EndGlobalSection
	GlobalSection(SolutionProperties) = preSolution
		HideSolutionNode = FALSE
	EndGlobalSection
	GlobalSection(ExtensibilityGlobals) = postSolution
		SolutionGuid = {A490EDFD-2F5A-49E7-B75F-4E042CE94414}
	EndGlobalSection
EndGlobal
